// !$*UTF8*$!
{
	archiveVersion = 1;
	classes = {
	};
	objectVersion = 55;
	objects = {

/* Begin PBXBuildFile section */
		8341363A28A519350079E4C8 /* HealthStore.swift in Sources */ = {isa = PBXBuildFile; fileRef = 8341363928A519350079E4C8 /* HealthStore.swift */; };
		8341363C28A51DAB0079E4C8 /* DataPoint.swift in Sources */ = {isa = PBXBuildFile; fileRef = 8341363B28A51DAB0079E4C8 /* DataPoint.swift */; };
		836F105828A4211700ED3FFB /* FinalThesisApp.swift in Sources */ = {isa = PBXBuildFile; fileRef = 836F105728A4211700ED3FFB /* FinalThesisApp.swift */; };
		836F105A28A4211700ED3FFB /* ContentView.swift in Sources */ = {isa = PBXBuildFile; fileRef = 836F105928A4211700ED3FFB /* ContentView.swift */; };
		836F105C28A4211900ED3FFB /* Assets.xcassets in Resources */ = {isa = PBXBuildFile; fileRef = 836F105B28A4211900ED3FFB /* Assets.xcassets */; };
		836F105F28A4211900ED3FFB /* Preview Assets.xcassets in Resources */ = {isa = PBXBuildFile; fileRef = 836F105E28A4211900ED3FFB /* Preview Assets.xcassets */; };
		83905F6628B66AF50045AA60 /* DateExtension.swift in Sources */ = {isa = PBXBuildFile; fileRef = 83905F6528B66AF50045AA60 /* DateExtension.swift */; };
/* End PBXBuildFile section */

/* Begin PBXFileReference section */
		8341363428A516490079E4C8 /* Final Thesis.entitlements */ = {isa = PBXFileReference; lastKnownFileType = text.plist.entitlements; path = "Final Thesis.entitlements"; sourceTree = "<group>"; };
		8341363928A519350079E4C8 /* HealthStore.swift */ = {isa = PBXFileReference; lastKnownFileType = sourcecode.swift; name = HealthStore.swift; path = "Final Thesis/HealthStore.swift"; sourceTree = SOURCE_ROOT; };
		8341363B28A51DAB0079E4C8 /* DataPoint.swift */ = {isa = PBXFileReference; lastKnownFileType = sourcecode.swift; path = DataPoint.swift; sourceTree = "<group>"; };
		836F105428A4211700ED3FFB /* Final Thesis.app */ = {isa = PBXFileReference; explicitFileType = wrapper.application; includeInIndex = 0; path = "Final Thesis.app"; sourceTree = BUILT_PRODUCTS_DIR; };
		836F105728A4211700ED3FFB /* FinalThesisApp.swift */ = {isa = PBXFileReference; lastKnownFileType = sourcecode.swift; path = FinalThesisApp.swift; sourceTree = "<group>"; };
		836F105928A4211700ED3FFB /* ContentView.swift */ = {isa = PBXFileReference; lastKnownFileType = sourcecode.swift; path = ContentView.swift; sourceTree = "<group>"; };
		836F105B28A4211900ED3FFB /* Assets.xcassets */ = {isa = PBXFileReference; lastKnownFileType = folder.assetcatalog; path = Assets.xcassets; sourceTree = "<group>"; };
		836F105E28A4211900ED3FFB /* Preview Assets.xcassets */ = {isa = PBXFileReference; lastKnownFileType = folder.assetcatalog; path = "Preview Assets.xcassets"; sourceTree = "<group>"; };
		83905F6528B66AF50045AA60 /* DateExtension.swift */ = {isa = PBXFileReference; lastKnownFileType = sourcecode.swift; path = DateExtension.swift; sourceTree = "<group>"; };
/* End PBXFileReference section */

/* Begin PBXFrameworksBuildPhase section */
		836F105128A4211700ED3FFB /* Frameworks */ = {
			isa = PBXFrameworksBuildPhase;
			buildActionMask = 2147483647;
			files = (
			);
			runOnlyForDeploymentPostprocessing = 0;
		};
/* End PBXFrameworksBuildPhase section */

/* Begin PBXGroup section */
		8341363528A516880079E4C8 /* Helpers */ = {
			isa = PBXGroup;
			children = (
				83905F6528B66AF50045AA60 /* DateExtension.swift */,
			);
			path = Helpers;
			sourceTree = "<group>";
		};
		8341363728A516A10079E4C8 /* Views */ = {
			isa = PBXGroup;
			children = (
				836F105928A4211700ED3FFB /* ContentView.swift */,
			);
			path = Views;
			sourceTree = "<group>";
		};
		8341363828A516A50079E4C8 /* Models */ = {
			isa = PBXGroup;
			children = (
				8341363928A519350079E4C8 /* HealthStore.swift */,
				8341363B28A51DAB0079E4C8 /* DataPoint.swift */,
			);
			path = Models;
			sourceTree = "<group>";
		};
		836F104B28A4211700ED3FFB = {
			isa = PBXGroup;
			children = (
				836F105628A4211700ED3FFB /* Final Thesis */,
				836F105528A4211700ED3FFB /* Products */,
			);
			sourceTree = "<group>";
		};
		836F105528A4211700ED3FFB /* Products */ = {
			isa = PBXGroup;
			children = (
				836F105428A4211700ED3FFB /* Final Thesis.app */,
			);
			name = Products;
			sourceTree = "<group>";
		};
		836F105628A4211700ED3FFB /* Final Thesis */ = {
			isa = PBXGroup;
			children = (
				836F105728A4211700ED3FFB /* FinalThesisApp.swift */,
				8341363828A516A50079E4C8 /* Models */,
				8341363728A516A10079E4C8 /* Views */,
				8341363528A516880079E4C8 /* Helpers */,
				8341363428A516490079E4C8 /* Final Thesis.entitlements */,
				836F105B28A4211900ED3FFB /* Assets.xcassets */,
				836F105D28A4211900ED3FFB /* Preview Content */,
			);
			path = "Final Thesis";
			sourceTree = "<group>";
		};
		836F105D28A4211900ED3FFB /* Preview Content */ = {
			isa = PBXGroup;
			children = (
				836F105E28A4211900ED3FFB /* Preview Assets.xcassets */,
			);
			path = "Preview Content";
			sourceTree = "<group>";
		};
/* End PBXGroup section */

/* Begin PBXNativeTarget section */
		836F105328A4211700ED3FFB /* Final Thesis */ = {
			isa = PBXNativeTarget;
			buildConfigurationList = 836F106728A4211900ED3FFB /* Build configuration list for PBXNativeTarget "Final Thesis" */;
			buildPhases = (
				836F105028A4211700ED3FFB /* Sources */,
				836F105128A4211700ED3FFB /* Frameworks */,
				836F105228A4211700ED3FFB /* Resources */,
			);
			buildRules = (
			);
			dependencies = (
			);
			name = "Final Thesis";
			productName = "Final Thesis";
			productReference = 836F105428A4211700ED3FFB /* Final Thesis.app */;
			productType = "com.apple.product-type.application";
		};
/* End PBXNativeTarget section */

/* Begin PBXProject section */
		836F104C28A4211700ED3FFB /* Project object */ = {
			isa = PBXProject;
			attributes = {
				BuildIndependentTargetsInParallel = 1;
				LastSwiftUpdateCheck = 1340;
				LastUpgradeCheck = 1340;
				TargetAttributes = {
					836F105328A4211700ED3FFB = {
						CreatedOnToolsVersion = 13.4.1;
					};
				};
			};
			buildConfigurationList = 836F104F28A4211700ED3FFB /* Build configuration list for PBXProject "Final Thesis" */;
			compatibilityVersion = "Xcode 13.0";
			developmentRegion = en;
			hasScannedForEncodings = 0;
			knownRegions = (
				en,
				Base,
			);
			mainGroup = 836F104B28A4211700ED3FFB;
			productRefGroup = 836F105528A4211700ED3FFB /* Products */;
			projectDirPath = "";
			projectRoot = "";
			targets = (
				836F105328A4211700ED3FFB /* Final Thesis */,
			);
		};
/* End PBXProject section */

/* Begin PBXResourcesBuildPhase section */
		836F105228A4211700ED3FFB /* Resources */ = {
			isa = PBXResourcesBuildPhase;
			buildActionMask = 2147483647;
			files = (
				836F105F28A4211900ED3FFB /* Preview Assets.xcassets in Resources */,
				836F105C28A4211900ED3FFB /* Assets.xcassets in Resources */,
			);
			runOnlyForDeploymentPostprocessing = 0;
		};
/* End PBXResourcesBuildPhase section */

/* Begin PBXSourcesBuildPhase section */
		836F105028A4211700ED3FFB /* Sources */ = {
			isa = PBXSourcesBuildPhase;
			buildActionMask = 2147483647;
			files = (
				836F105A28A4211700ED3FFB /* ContentView.swift in Sources */,
				83905F6628B66AF50045AA60 /* DateExtension.swift in Sources */,
				8341363C28A51DAB0079E4C8 /* DataPoint.swift in Sources */,
				8341363A28A519350079E4C8 /* HealthStore.swift in Sources */,
				836F105828A4211700ED3FFB /* FinalThesisApp.swift in Sources */,
			);
			runOnlyForDeploymentPostprocessing = 0;
		};
/* End PBXSourcesBuildPhase section */

/* Begin XCBuildConfiguration section */
		836F106528A4211900ED3FFB /* Debug */ = {
			isa = XCBuildConfiguration;
			buildSettings = {
				ALWAYS_SEARCH_USER_PATHS = NO;
				CLANG_ANALYZER_NONNULL = YES;
				CLANG_ANALYZER_NUMBER_OBJECT_CONVERSION = YES_AGGRESSIVE;
				CLANG_CXX_LANGUAGE_STANDARD = "gnu++17";
				CLANG_ENABLE_MODULES = YES;
				CLANG_ENABLE_OBJC_ARC = YES;
				CLANG_ENABLE_OBJC_WEAK = YES;
				CLANG_WARN_BLOCK_CAPTURE_AUTORELEASING = YES;
				CLANG_WARN_BOOL_CONVERSION = YES;
				CLANG_WARN_COMMA = YES;
				CLANG_WARN_CONSTANT_CONVERSION = YES;
				CLANG_WARN_DEPRECATED_OBJC_IMPLEMENTATIONS = YES;
				CLANG_WARN_DIRECT_OBJC_ISA_USAGE = YES_ERROR;
				CLANG_WARN_DOCUMENTATION_COMMENTS = YES;
				CLANG_WARN_EMPTY_BODY = YES;
				CLANG_WARN_ENUM_CONVERSION = YES;
				CLANG_WARN_INFINITE_RECURSION = YES;
				CLANG_WARN_INT_CONVERSION = YES;
				CLANG_WARN_NON_LITERAL_NULL_CONVERSION = YES;
				CLANG_WARN_OBJC_IMPLICIT_RETAIN_SELF = YES;
				CLANG_WARN_OBJC_LITERAL_CONVERSION = YES;
				CLANG_WARN_OBJC_ROOT_CLASS = YES_ERROR;
				CLANG_WARN_QUOTED_INCLUDE_IN_FRAMEWORK_HEADER = YES;
				CLANG_WARN_RANGE_LOOP_ANALYSIS = YES;
				CLANG_WARN_STRICT_PROTOTYPES = YES;
				CLANG_WARN_SUSPICIOUS_MOVE = YES;
				CLANG_WARN_UNGUARDED_AVAILABILITY = YES_AGGRESSIVE;
				CLANG_WARN_UNREACHABLE_CODE = YES;
				CLANG_WARN__DUPLICATE_METHOD_MATCH = YES;
				COPY_PHASE_STRIP = NO;
				DEBUG_INFORMATION_FORMAT = dwarf;
				ENABLE_STRICT_OBJC_MSGSEND = YES;
				ENABLE_TESTABILITY = YES;
				GCC_C_LANGUAGE_STANDARD = gnu11;
				GCC_DYNAMIC_NO_PIC = NO;
				GCC_NO_COMMON_BLOCKS = YES;
				GCC_OPTIMIZATION_LEVEL = 0;
				GCC_PREPROCESSOR_DEFINITIONS = (
					"DEBUG=1",
					"$(inherited)",
				);
				GCC_WARN_64_TO_32_BIT_CONVERSION = YES;
				GCC_WARN_ABOUT_RETURN_TYPE = YES_ERROR;
				GCC_WARN_UNDECLARED_SELECTOR = YES;
				GCC_WARN_UNINITIALIZED_AUTOS = YES_AGGRESSIVE;
				GCC_WARN_UNUSED_FUNCTION = YES;
				GCC_WARN_UNUSED_VARIABLE = YES;
				IPHONEOS_DEPLOYMENT_TARGET = 15.5;
				MTL_ENABLE_DEBUG_INFO = INCLUDE_SOURCE;
				MTL_FAST_MATH = YES;
				ONLY_ACTIVE_ARCH = YES;
				SDKROOT = iphoneos;
				SWIFT_ACTIVE_COMPILATION_CONDITIONS = DEBUG;
				SWIFT_OPTIMIZATION_LEVEL = "-Onone";
			};
			name = Debug;
		};
		836F106628A4211900ED3FFB /* Release */ = {
			isa = XCBuildConfiguration;
			buildSettings = {
				ALWAYS_SEARCH_USER_PATHS = NO;
				CLANG_ANALYZER_NONNULL = YES;
				CLANG_ANALYZER_NUMBER_OBJECT_CONVERSION = YES_AGGRESSIVE;
				CLANG_CXX_LANGUAGE_STANDARD = "gnu++17";
				CLANG_ENABLE_MODULES = YES;
				CLANG_ENABLE_OBJC_ARC = YES;
				CLANG_ENABLE_OBJC_WEAK = YES;
				CLANG_WARN_BLOCK_CAPTURE_AUTORELEASING = YES;
				CLANG_WARN_BOOL_CONVERSION = YES;
				CLANG_WARN_COMMA = YES;
				CLANG_WARN_CONSTANT_CONVERSION = YES;
				CLANG_WARN_DEPRECATED_OBJC_IMPLEMENTATIONS = YES;
				CLANG_WARN_DIRECT_OBJC_ISA_USAGE = YES_ERROR;
				CLANG_WARN_DOCUMENTATION_COMMENTS = YES;
				CLANG_WARN_EMPTY_BODY = YES;
				CLANG_WARN_ENUM_CONVERSION = YES;
				CLANG_WARN_INFINITE_RECURSION = YES;
				CLANG_WARN_INT_CONVERSION = YES;
				CLANG_WARN_NON_LITERAL_NULL_CONVERSION = YES;
				CLANG_WARN_OBJC_IMPLICIT_RETAIN_SELF = YES;
				CLANG_WARN_OBJC_LITERAL_CONVERSION = YES;
				CLANG_WARN_OBJC_ROOT_CLASS = YES_ERROR;
				CLANG_WARN_QUOTED_INCLUDE_IN_FRAMEWORK_HEADER = YES;
				CLANG_WARN_RANGE_LOOP_ANALYSIS = YES;
				CLANG_WARN_STRICT_PROTOTYPES = YES;
				CLANG_WARN_SUSPICIOUS_MOVE = YES;
				CLANG_WARN_UNGUARDED_AVAILABILITY = YES_AGGRESSIVE;
				CLANG_WARN_UNREACHABLE_CODE = YES;
				CLANG_WARN__DUPLICATE_METHOD_MATCH = YES;
				COPY_PHASE_STRIP = NO;
				DEBUG_INFORMATION_FORMAT = "dwarf-with-dsym";
				ENABLE_NS_ASSERTIONS = NO;
				ENABLE_STRICT_OBJC_MSGSEND = YES;
				GCC_C_LANGUAGE_STANDARD = gnu11;
				GCC_NO_COMMON_BLOCKS = YES;
				GCC_WARN_64_TO_32_BIT_CONVERSION = YES;
				GCC_WARN_ABOUT_RETURN_TYPE = YES_ERROR;
				GCC_WARN_UNDECLARED_SELECTOR = YES;
				GCC_WARN_UNINITIALIZED_AUTOS = YES_AGGRESSIVE;
				GCC_WARN_UNUSED_FUNCTION = YES;
				GCC_WARN_UNUSED_VARIABLE = YES;
				IPHONEOS_DEPLOYMENT_TARGET = 15.5;
				MTL_ENABLE_DEBUG_INFO = NO;
				MTL_FAST_MATH = YES;
				SDKROOT = iphoneos;
				SWIFT_COMPILATION_MODE = wholemodule;
				SWIFT_OPTIMIZATION_LEVEL = "-O";
				VALIDATE_PRODUCT = YES;
			};
			name = Release;
		};
		836F106828A4211900ED3FFB /* Debug */ = {
			isa = XCBuildConfiguration;
			buildSettings = {
				ASSETCATALOG_COMPILER_APPICON_NAME = AppIcon;
				ASSETCATALOG_COMPILER_GLOBAL_ACCENT_COLOR_NAME = AccentColor;
				CODE_SIGN_ENTITLEMENTS = "Final Thesis/Final Thesis.entitlements";
				CODE_SIGN_IDENTITY = "Apple Development";
				CODE_SIGN_STYLE = Automatic;
				CURRENT_PROJECT_VERSION = 1;
				DEVELOPMENT_ASSET_PATHS = "\"Final Thesis/Preview Content\"";
				DEVELOPMENT_TEAM = DADDNKA7TR;
				ENABLE_PREVIEWS = YES;
				GENERATE_INFOPLIST_FILE = YES;
				INFOPLIST_KEY_NSHealthShareUsageDescription = "Need access to your health data for analysis";
				INFOPLIST_KEY_UIApplicationSceneManifest_Generation = YES;
				INFOPLIST_KEY_UIApplicationSupportsIndirectInputEvents = YES;
				INFOPLIST_KEY_UILaunchScreen_Generation = YES;
				INFOPLIST_KEY_UISupportedInterfaceOrientations_iPad = "UIInterfaceOrientationPortrait UIInterfaceOrientationPortraitUpsideDown UIInterfaceOrientationLandscapeLeft UIInterfaceOrientationLandscapeRight";
				INFOPLIST_KEY_UISupportedInterfaceOrientations_iPhone = "UIInterfaceOrientationPortrait UIInterfaceOrientationLandscapeLeft UIInterfaceOrientationLandscapeRight";
				IPHONEOS_DEPLOYMENT_TARGET = 16.0;
				LD_RUNPATH_SEARCH_PATHS = (
					"$(inherited)",
					"@executable_path/Frameworks",
				);
				MARKETING_VERSION = 1.0;
				PRODUCT_BUNDLE_IDENTIFIER = "hr.lcabraja.Final-Thesis";
				PRODUCT_NAME = "$(TARGET_NAME)";
				PROVISIONING_PROFILE_SPECIFIER = "";
				SWIFT_EMIT_LOC_STRINGS = YES;
				SWIFT_VERSION = 5.0;
				TARGETED_DEVICE_FAMILY = "1,2";
			};
			name = Debug;
		};
		836F106928A4211900ED3FFB /* Release */ = {
			isa = XCBuildConfiguration;
			buildSettings = {
				ASSETCATALOG_COMPILER_APPICON_NAME = AppIcon;
				ASSETCATALOG_COMPILER_GLOBAL_ACCENT_COLOR_NAME = AccentColor;
				CODE_SIGN_ENTITLEMENTS = "Final Thesis/Final Thesis.entitlements";
				CODE_SIGN_IDENTITY = "Apple Development";
				CODE_SIGN_STYLE = Automatic;
				CURRENT_PROJECT_VERSION = 1;
				DEVELOPMENT_ASSET_PATHS = "\"Final Thesis/Preview Content\"";
				DEVELOPMENT_TEAM = DADDNKA7TR;
				ENABLE_PREVIEWS = YES;
				GENERATE_INFOPLIST_FILE = YES;
				INFOPLIST_KEY_NSHealthShareUsageDescription = "Need access to your health data for analysis";
				INFOPLIST_KEY_UIApplicationSceneManifest_Generation = YES;
				INFOPLIST_KEY_UIApplicationSupportsIndirectInputEvents = YES;
				INFOPLIST_KEY_UILaunchScreen_Generation = YES;
				INFOPLIST_KEY_UISupportedInterfaceOrientations_iPad = "UIInterfaceOrientationPortrait UIInterfaceOrientationPortraitUpsideDown UIInterfaceOrientationLandscapeLeft UIInterfaceOrientationLandscapeRight";
				INFOPLIST_KEY_UISupportedInterfaceOrientations_iPhone = "UIInterfaceOrientationPortrait UIInterfaceOrientationLandscapeLeft UIInterfaceOrientationLandscapeRight";
				IPHONEOS_DEPLOYMENT_TARGET = 16.0;
				LD_RUNPATH_SEARCH_PATHS = (
					"$(inherited)",
					"@executable_path/Frameworks",
				);
				MARKETING_VERSION = 1.0;
				PRODUCT_BUNDLE_IDENTIFIER = "hr.lcabraja.Final-Thesis";
				PRODUCT_NAME = "$(TARGET_NAME)";
				PROVISIONING_PROFILE_SPECIFIER = "";
				SWIFT_EMIT_LOC_STRINGS = YES;
				SWIFT_VERSION = 5.0;
				TARGETED_DEVICE_FAMILY = "1,2";
			};
			name = Release;
		};
/* End XCBuildConfiguration section */

/* Begin XCConfigurationList section */
		836F104F28A4211700ED3FFB /* Build configuration list for PBXProject "Final Thesis" */ = {
			isa = XCConfigurationList;
			buildConfigurations = (
				836F106528A4211900ED3FFB /* Debug */,
				836F106628A4211900ED3FFB /* Release */,
			);
			defaultConfigurationIsVisible = 0;
			defaultConfigurationName = Release;
		};
		836F106728A4211900ED3FFB /* Build configuration list for PBXNativeTarget "Final Thesis" */ = {
			isa = XCConfigurationList;
			buildConfigurations = (
				836F106828A4211900ED3FFB /* Debug */,
				836F106928A4211900ED3FFB /* Release */,
			);
			defaultConfigurationIsVisible = 0;
			defaultConfigurationName = Release;
		};
/* End XCConfigurationList section */
	};
	rootObject = 836F104C28A4211700ED3FFB /* Project object */;
}
